Microsoft Visual Studio Solution File, Format Version 12.00
# Visual Studio Version 17
VisualStudioVersion = 17.5.2.0
MinimumVisualStudioVersion = 10.0.40219.1
Project("{FAE04EC0-301F-11D3-BF4B-00C04F79EFBC}") = "Employee Portal", "Employee Portal\Employee Portal.csproj", "{B826BFE4-C18D-0D09-4AE7-D2F6A8E53376}"
EndProject
Global
	GlobalSection(SolutionConfigurationPlatforms) = preSolution
		Debug|Any CPU = Debug|Any CPU
		Release|Any CPU = Release|Any CPU
	EndGlobalSection
	GlobalSection(ProjectConfigurationPlatforms) = postSolution
		{B826BFE4-C18D-0D09-4AE7-D2F6A8E53376}.Debug|Any CPU.ActiveCfg = Debug|Any CPU
		{B826BFE4-C18D-0D09-4AE7-D2F6A8E53376}.Debug|Any CPU.Build.0 = Debug|Any CPU
		{B826BFE4-C18D-0D09-4AE7-D2F6A8E53376}.Release|Any CPU.ActiveCfg = Release|Any CPU
		{B826BFE4-C18D-0D09-4AE7-D2F6A8E53376}.Release|Any CPU.Build.0 = Release|Any CPU
	EndGlobalSection
	GlobalSection(SolutionProperties) = preSolution
		HideSolutionNode = FALSE
	EndGlobalSection
	GlobalSection(ExtensibilityGlobals) = postSolution
		SolutionGuid = {366D023E-FB5C-48BB-8B90-DA3ABBE03B45}
	EndGlobalSection
EndGlobal
